
Microsoft Visual Studio Solution File, Format Version 12.00
# Visual Studio Version 17
VisualStudioVersion = 17.8.34330.188
MinimumVisualStudioVersion = 10.0.40219.1
Project("{9A19103F-16F7-4668-BE54-9A1E7A4F7556}") = "Anksus_WebAPI.Server", "Anksus_WebAPI\Anksus_WebAPI.Server.csproj", "{40A53DDF-6000-4FB8-8E2F-7BA4FE5BE872}"
EndProject
Project("{9A19103F-16F7-4668-BE54-9A1E7A4F7556}") = "TestAnskus.Shared", "TestAnskus.Shared\TestAnskus.Shared.csproj", "{881BDA18-B322-4FB6-AC69-C01029266283}"
EndProject
Project("{9A19103F-16F7-4668-BE54-9A1E7A4F7556}") = "TestAnskus.Client", "TestAnskus.Client\TestAnskus.Client.csproj", "{E29CD563-06E1-4951-8527-EFFA0D97239E}"
EndProject
Global
	GlobalSection(SolutionConfigurationPlatforms) = preSolution
		Debug|Any CPU = Debug|Any CPU
		Release|Any CPU = Release|Any CPU
	EndGlobalSection
	GlobalSection(ProjectConfigurationPlatforms) = postSolution
		{40A53DDF-6000-4FB8-8E2F-7BA4FE5BE872}.Debug|Any CPU.ActiveCfg = Debug|Any CPU
		{40A53DDF-6000-4FB8-8E2F-7BA4FE5BE872}.Debug|Any CPU.Build.0 = Debug|Any CPU
		{40A53DDF-6000-4FB8-8E2F-7BA4FE5BE872}.Release|Any CPU.ActiveCfg = Release|Any CPU
		{40A53DDF-6000-4FB8-8E2F-7BA4FE5BE872}.Release|Any CPU.Build.0 = Release|Any CPU
		{881BDA18-B322-4FB6-AC69-C01029266283}.Debug|Any CPU.ActiveCfg = Debug|Any CPU
		{881BDA18-B322-4FB6-AC69-C01029266283}.Debug|Any CPU.Build.0 = Debug|Any CPU
		{881BDA18-B322-4FB6-AC69-C01029266283}.Release|Any CPU.ActiveCfg = Release|Any CPU
		{881BDA18-B322-4FB6-AC69-C01029266283}.Release|Any CPU.Build.0 = Release|Any CPU
		{E29CD563-06E1-4951-8527-EFFA0D97239E}.Debug|Any CPU.ActiveCfg = Debug|Any CPU
		{E29CD563-06E1-4951-8527-EFFA0D97239E}.Debug|Any CPU.Build.0 = Debug|Any CPU
		{E29CD563-06E1-4951-8527-EFFA0D97239E}.Release|Any CPU.ActiveCfg = Release|Any CPU
		{E29CD563-06E1-4951-8527-EFFA0D97239E}.Release|Any CPU.Build.0 = Release|Any CPU
	EndGlobalSection
	GlobalSection(SolutionProperties) = preSolution
		HideSolutionNode = FALSE
	EndGlobalSection
	GlobalSection(ExtensibilityGlobals) = postSolution
		SolutionGuid = {AF80AEE8-A4B1-4C0C-95B5-620025C3FF6A}
	EndGlobalSection
EndGlobal
